
Microsoft Visual Studio Solution File, Format Version 12.00
# Visual Studio 2012
Project("{FAE04EC0-301F-11D3-BF4B-00C04F79EFBC}") = "Caliburn.Micro.Logging.log4net.WPF", "Caliburn.Micro.Logging.log4net.WPF\Caliburn.Micro.Logging.log4net.WPF.csproj", "{5AEB2408-50A7-40B6-AE16-AEBFA70F4281}"
EndProject
Project("{FAE04EC0-301F-11D3-BF4B-00C04F79EFBC}") = "Caliburn.Micro.Logging.log4net.Packaging", "Caliburn.Micro.Logging.log4net.Packaging\Caliburn.Micro.Logging.log4net.Packaging.csproj", "{0451BAEF-DF2E-4B98-8644-94EE9415E389}"
EndProject
Global
	GlobalSection(SolutionConfigurationPlatforms) = preSolution
		Debug|Any CPU = Debug|Any CPU
		Release|Any CPU = Release|Any CPU
	EndGlobalSection
	GlobalSection(ProjectConfigurationPlatforms) = postSolution
		{5AEB2408-50A7-40B6-AE16-AEBFA70F4281}.Debug|Any CPU.ActiveCfg = Debug|Any CPU
		{5AEB2408-50A7-40B6-AE16-AEBFA70F4281}.Debug|Any CPU.Build.0 = Debug|Any CPU
		{5AEB2408-50A7-40B6-AE16-AEBFA70F4281}.Release|Any CPU.ActiveCfg = Release|Any CPU
		{5AEB2408-50A7-40B6-AE16-AEBFA70F4281}.Release|Any CPU.Build.0 = Release|Any CPU
		{0451BAEF-DF2E-4B98-8644-94EE9415E389}.Debug|Any CPU.ActiveCfg = Debug|Any CPU
		{0451BAEF-DF2E-4B98-8644-94EE9415E389}.Debug|Any CPU.Build.0 = Debug|Any CPU
		{0451BAEF-DF2E-4B98-8644-94EE9415E389}.Release|Any CPU.ActiveCfg = Release|Any CPU
		{0451BAEF-DF2E-4B98-8644-94EE9415E389}.Release|Any CPU.Build.0 = Release|Any CPU
	EndGlobalSection
	GlobalSection(SolutionProperties) = preSolution
		HideSolutionNode = FALSE
	EndGlobalSection
EndGlobal
