
Microsoft Visual Studio Solution File, Format Version 12.00
# Visual Studio 2012
Project("{FAE04EC0-301F-11D3-BF4B-00C04F79EFBC}") = "Caliburn.Micro.Logging.WPF", "Caliburn.Micro.Logging.WPF\Caliburn.Micro.Logging.WPF.csproj", "{F8046D90-80E5-4711-90E7-51B6B705FDCB}"
EndProject
Project("{FAE04EC0-301F-11D3-BF4B-00C04F79EFBC}") = "Caliburn.Micro.Logging.SL4", "Caliburn.Micro.Logging.SL4\Caliburn.Micro.Logging.SL4.csproj", "{02C6FC0E-282C-42B9-9B13-619404CA5C04}"
EndProject
Project("{FAE04EC0-301F-11D3-BF4B-00C04F79EFBC}") = "Caliburn.Micro.Logging.SL5", "Caliburn.Micro.Logging.SL5\Caliburn.Micro.Logging.SL5.csproj", "{DD0CE022-2A14-483E-8372-935BD1C4336B}"
EndProject
Project("{FAE04EC0-301F-11D3-BF4B-00C04F79EFBC}") = "Caliburn.Micro.Logging.WP8", "Caliburn.Micro.Logging.WP8\Caliburn.Micro.Logging.WP8.csproj", "{F29EABEC-3634-48E3-BE8C-1F476EE0D482}"
EndProject
Project("{FAE04EC0-301F-11D3-BF4B-00C04F79EFBC}") = "Caliburn.Micro.Logging.WP71", "Caliburn.Micro.Logging.WP71\Caliburn.Micro.Logging.WP71.csproj", "{89981C44-4F48-44F4-B6E7-D54F85B57F5E}"
EndProject
Project("{2150E333-8FDC-42A3-9474-1A3956D46DE8}") = ".nuget", ".nuget", "{81130D36-B018-4D9E-8719-0DC7B8B2E92E}"
	ProjectSection(SolutionItems) = preProject
		.nuget\NuGet.Config = .nuget\NuGet.Config
		.nuget\NuGet.exe = .nuget\NuGet.exe
		.nuget\NuGet.targets = .nuget\NuGet.targets
	EndProjectSection
EndProject
Project("{FAE04EC0-301F-11D3-BF4B-00C04F79EFBC}") = "Caliburn.Micro.Logging.Packaging", "Caliburn.Micro.Logging.Packaging\Caliburn.Micro.Logging.Packaging.csproj", "{0451BAEF-DF2E-4B98-8644-94EE9415E389}"
	ProjectSection(ProjectDependencies) = postProject
		{02C6FC0E-282C-42B9-9B13-619404CA5C04} = {02C6FC0E-282C-42B9-9B13-619404CA5C04}
		{DD0CE022-2A14-483E-8372-935BD1C4336B} = {DD0CE022-2A14-483E-8372-935BD1C4336B}
		{89981C44-4F48-44F4-B6E7-D54F85B57F5E} = {89981C44-4F48-44F4-B6E7-D54F85B57F5E}
		{F8046D90-80E5-4711-90E7-51B6B705FDCB} = {F8046D90-80E5-4711-90E7-51B6B705FDCB}
		{F29EABEC-3634-48E3-BE8C-1F476EE0D482} = {F29EABEC-3634-48E3-BE8C-1F476EE0D482}
	EndProjectSection
EndProject
Global
	GlobalSection(SolutionConfigurationPlatforms) = preSolution
		Debug|Any CPU = Debug|Any CPU
		Debug|ARM = Debug|ARM
		Debug|x86 = Debug|x86
		Release|Any CPU = Release|Any CPU
		Release|ARM = Release|ARM
		Release|x86 = Release|x86
	EndGlobalSection
	GlobalSection(ProjectConfigurationPlatforms) = postSolution
		{F8046D90-80E5-4711-90E7-51B6B705FDCB}.Debug|Any CPU.ActiveCfg = Debug|Any CPU
		{F8046D90-80E5-4711-90E7-51B6B705FDCB}.Debug|Any CPU.Build.0 = Debug|Any CPU
		{F8046D90-80E5-4711-90E7-51B6B705FDCB}.Debug|ARM.ActiveCfg = Debug|Any CPU
		{F8046D90-80E5-4711-90E7-51B6B705FDCB}.Debug|x86.ActiveCfg = Debug|Any CPU
		{F8046D90-80E5-4711-90E7-51B6B705FDCB}.Release|Any CPU.ActiveCfg = Release|Any CPU
		{F8046D90-80E5-4711-90E7-51B6B705FDCB}.Release|Any CPU.Build.0 = Release|Any CPU
		{F8046D90-80E5-4711-90E7-51B6B705FDCB}.Release|ARM.ActiveCfg = Release|Any CPU
		{F8046D90-80E5-4711-90E7-51B6B705FDCB}.Release|x86.ActiveCfg = Release|Any CPU
		{02C6FC0E-282C-42B9-9B13-619404CA5C04}.Debug|Any CPU.ActiveCfg = Debug|Any CPU
		{02C6FC0E-282C-42B9-9B13-619404CA5C04}.Debug|Any CPU.Build.0 = Debug|Any CPU
		{02C6FC0E-282C-42B9-9B13-619404CA5C04}.Debug|ARM.ActiveCfg = Debug|Any CPU
		{02C6FC0E-282C-42B9-9B13-619404CA5C04}.Debug|x86.ActiveCfg = Debug|Any CPU
		{02C6FC0E-282C-42B9-9B13-619404CA5C04}.Release|Any CPU.ActiveCfg = Release|Any CPU
		{02C6FC0E-282C-42B9-9B13-619404CA5C04}.Release|Any CPU.Build.0 = Release|Any CPU
		{02C6FC0E-282C-42B9-9B13-619404CA5C04}.Release|ARM.ActiveCfg = Release|Any CPU
		{02C6FC0E-282C-42B9-9B13-619404CA5C04}.Release|x86.ActiveCfg = Release|Any CPU
		{DD0CE022-2A14-483E-8372-935BD1C4336B}.Debug|Any CPU.ActiveCfg = Debug|Any CPU
		{DD0CE022-2A14-483E-8372-935BD1C4336B}.Debug|Any CPU.Build.0 = Debug|Any CPU
		{DD0CE022-2A14-483E-8372-935BD1C4336B}.Debug|ARM.ActiveCfg = Debug|Any CPU
		{DD0CE022-2A14-483E-8372-935BD1C4336B}.Debug|x86.ActiveCfg = Debug|Any CPU
		{DD0CE022-2A14-483E-8372-935BD1C4336B}.Release|Any CPU.ActiveCfg = Release|Any CPU
		{DD0CE022-2A14-483E-8372-935BD1C4336B}.Release|Any CPU.Build.0 = Release|Any CPU
		{DD0CE022-2A14-483E-8372-935BD1C4336B}.Release|ARM.ActiveCfg = Release|Any CPU
		{DD0CE022-2A14-483E-8372-935BD1C4336B}.Release|x86.ActiveCfg = Release|Any CPU
		{F29EABEC-3634-48E3-BE8C-1F476EE0D482}.Debug|Any CPU.ActiveCfg = Debug|Any CPU
		{F29EABEC-3634-48E3-BE8C-1F476EE0D482}.Debug|Any CPU.Build.0 = Debug|Any CPU
		{F29EABEC-3634-48E3-BE8C-1F476EE0D482}.Debug|ARM.ActiveCfg = Debug|ARM
		{F29EABEC-3634-48E3-BE8C-1F476EE0D482}.Debug|ARM.Build.0 = Debug|ARM
		{F29EABEC-3634-48E3-BE8C-1F476EE0D482}.Debug|x86.ActiveCfg = Debug|x86
		{F29EABEC-3634-48E3-BE8C-1F476EE0D482}.Debug|x86.Build.0 = Debug|x86
		{F29EABEC-3634-48E3-BE8C-1F476EE0D482}.Release|Any CPU.ActiveCfg = Release|Any CPU
		{F29EABEC-3634-48E3-BE8C-1F476EE0D482}.Release|Any CPU.Build.0 = Release|Any CPU
		{F29EABEC-3634-48E3-BE8C-1F476EE0D482}.Release|ARM.ActiveCfg = Release|ARM
		{F29EABEC-3634-48E3-BE8C-1F476EE0D482}.Release|ARM.Build.0 = Release|ARM
		{F29EABEC-3634-48E3-BE8C-1F476EE0D482}.Release|x86.ActiveCfg = Release|x86
		{F29EABEC-3634-48E3-BE8C-1F476EE0D482}.Release|x86.Build.0 = Release|x86
		{89981C44-4F48-44F4-B6E7-D54F85B57F5E}.Debug|Any CPU.ActiveCfg = Debug|Any CPU
		{89981C44-4F48-44F4-B6E7-D54F85B57F5E}.Debug|Any CPU.Build.0 = Debug|Any CPU
		{89981C44-4F48-44F4-B6E7-D54F85B57F5E}.Debug|ARM.ActiveCfg = Debug|Any CPU
		{89981C44-4F48-44F4-B6E7-D54F85B57F5E}.Debug|x86.ActiveCfg = Debug|Any CPU
		{89981C44-4F48-44F4-B6E7-D54F85B57F5E}.Release|Any CPU.ActiveCfg = Release|Any CPU
		{89981C44-4F48-44F4-B6E7-D54F85B57F5E}.Release|Any CPU.Build.0 = Release|Any CPU
		{89981C44-4F48-44F4-B6E7-D54F85B57F5E}.Release|ARM.ActiveCfg = Release|Any CPU
		{89981C44-4F48-44F4-B6E7-D54F85B57F5E}.Release|x86.ActiveCfg = Release|Any CPU
		{0451BAEF-DF2E-4B98-8644-94EE9415E389}.Debug|Any CPU.ActiveCfg = Debug|Any CPU
		{0451BAEF-DF2E-4B98-8644-94EE9415E389}.Debug|Any CPU.Build.0 = Debug|Any CPU
		{0451BAEF-DF2E-4B98-8644-94EE9415E389}.Debug|ARM.ActiveCfg = Debug|Any CPU
		{0451BAEF-DF2E-4B98-8644-94EE9415E389}.Debug|x86.ActiveCfg = Debug|Any CPU
		{0451BAEF-DF2E-4B98-8644-94EE9415E389}.Release|Any CPU.ActiveCfg = Release|Any CPU
		{0451BAEF-DF2E-4B98-8644-94EE9415E389}.Release|Any CPU.Build.0 = Release|Any CPU
		{0451BAEF-DF2E-4B98-8644-94EE9415E389}.Release|ARM.ActiveCfg = Release|Any CPU
		{0451BAEF-DF2E-4B98-8644-94EE9415E389}.Release|x86.ActiveCfg = Release|Any CPU
	EndGlobalSection
	GlobalSection(SolutionProperties) = preSolution
		HideSolutionNode = FALSE
	EndGlobalSection
EndGlobal
